// !$*UTF8*$!
{
	archiveVersion = 1;
	classes = {
	};
	objectVersion = 52;
	objects = {

/* Begin PBXBuildFile section */
		74BE126C2C206FFB000F3D14 /* AppDelegate.swift in Sources */ = {isa = PBXBuildFile; fileRef = 74BE126B2C206FFB000F3D14 /* AppDelegate.swift */; };
		74BE126E2C206FFB000F3D14 /* SceneDelegate.swift in Sources */ = {isa = PBXBuildFile; fileRef = 74BE126D2C206FFB000F3D14 /* SceneDelegate.swift */; };
		74BE12702C206FFB000F3D14 /* UserInfoInputViewController.swift in Sources */ = {isa = PBXBuildFile; fileRef = 74BE126F2C206FFB000F3D14 /* UserInfoInputViewController.swift */; };
		74BE12732C206FFB000F3D14 /* Main.storyboard in Resources */ = {isa = PBXBuildFile; fileRef = 74BE12712C206FFB000F3D14 /* Main.storyboard */; };
		74BE12752C206FFF000F3D14 /* Assets.xcassets in Resources */ = {isa = PBXBuildFile; fileRef = 74BE12742C206FFF000F3D14 /* Assets.xcassets */; };
		74BE12782C206FFF000F3D14 /* LaunchScreen.storyboard in Resources */ = {isa = PBXBuildFile; fileRef = 74BE12762C206FFF000F3D14 /* LaunchScreen.storyboard */; };
		74BE12832C206FFF000F3D14 /* Longevita_test_task_iOSTests.swift in Sources */ = {isa = PBXBuildFile; fileRef = 74BE12822C206FFF000F3D14 /* Longevita_test_task_iOSTests.swift */; };
		74BE128E2C206FFF000F3D14 /* Longevita_test_task_iOSUITests.swift in Sources */ = {isa = PBXBuildFile; fileRef = 74BE128D2C206FFF000F3D14 /* Longevita_test_task_iOSUITests.swift */; };
		74BE129F2C207284000F3D14 /* UserInfoInputView.swift in Sources */ = {isa = PBXBuildFile; fileRef = 74BE129E2C207284000F3D14 /* UserInfoInputView.swift */; };
		74BE12A52C20732B000F3D14 /* PureLayout in Frameworks */ = {isa = PBXBuildFile; productRef = 74BE12A42C20732B000F3D14 /* PureLayout */; };
		74BE12AA2C20737B000F3D14 /* AppConstants.swift in Sources */ = {isa = PBXBuildFile; fileRef = 74BE12A92C20737B000F3D14 /* AppConstants.swift */; };
		74BE12D02C208952000F3D14 /* DateTextField.swift in Sources */ = {isa = PBXBuildFile; fileRef = 74BE12CE2C208952000F3D14 /* DateTextField.swift */; };
		74BE12E92C208D6E000F3D14 /* InputValidator.swift in Sources */ = {isa = PBXBuildFile; fileRef = 74BE12E82C208D6E000F3D14 /* InputValidator.swift */; };
		74BE12EE2C208DE4000F3D14 /* ValidatorFactory.swift in Sources */ = {isa = PBXBuildFile; fileRef = 74BE12ED2C208DE4000F3D14 /* ValidatorFactory.swift */; };
		74BE12F32C209085000F3D14 /* UITextFieldExtensions.swift in Sources */ = {isa = PBXBuildFile; fileRef = 74BE12F22C209085000F3D14 /* UITextFieldExtensions.swift */; };
		74BE12F82C20966A000F3D14 /* DateFormat.swift in Sources */ = {isa = PBXBuildFile; fileRef = 74BE12F72C20966A000F3D14 /* DateFormat.swift */; };
		74BE13002C2099EF000F3D14 /* StringExtensions.swift in Sources */ = {isa = PBXBuildFile; fileRef = 74BE12FF2C2099EF000F3D14 /* StringExtensions.swift */; };
		74BE13052C209D95000F3D14 /* RangeExtensions.swift in Sources */ = {isa = PBXBuildFile; fileRef = 74BE13042C209D95000F3D14 /* RangeExtensions.swift */; };
/* End PBXBuildFile section */

/* Begin PBXContainerItemProxy section */
		74BE127F2C206FFF000F3D14 /* PBXContainerItemProxy */ = {
			isa = PBXContainerItemProxy;
			containerPortal = 74BE12602C206FFB000F3D14 /* Project object */;
			proxyType = 1;
			remoteGlobalIDString = 74BE12672C206FFB000F3D14;
			remoteInfo = "Longevita-test-task-iOS";
		};
		74BE128A2C206FFF000F3D14 /* PBXContainerItemProxy */ = {
			isa = PBXContainerItemProxy;
			containerPortal = 74BE12602C206FFB000F3D14 /* Project object */;
			proxyType = 1;
			remoteGlobalIDString = 74BE12672C206FFB000F3D14;
			remoteInfo = "Longevita-test-task-iOS";
		};
/* End PBXContainerItemProxy section */

/* Begin PBXFileReference section */
		74BE12682C206FFB000F3D14 /* Longevita-test-task-iOS.app */ = {isa = PBXFileReference; explicitFileType = wrapper.application; includeInIndex = 0; path = "Longevita-test-task-iOS.app"; sourceTree = BUILT_PRODUCTS_DIR; };
		74BE126B2C206FFB000F3D14 /* AppDelegate.swift */ = {isa = PBXFileReference; lastKnownFileType = sourcecode.swift; path = AppDelegate.swift; sourceTree = "<group>"; };
		74BE126D2C206FFB000F3D14 /* SceneDelegate.swift */ = {isa = PBXFileReference; lastKnownFileType = sourcecode.swift; path = SceneDelegate.swift; sourceTree = "<group>"; };
		74BE126F2C206FFB000F3D14 /* UserInfoInputViewController.swift */ = {isa = PBXFileReference; lastKnownFileType = sourcecode.swift; path = UserInfoInputViewController.swift; sourceTree = "<group>"; };
		74BE12722C206FFB000F3D14 /* Base */ = {isa = PBXFileReference; lastKnownFileType = file.storyboard; name = Base; path = Base.lproj/Main.storyboard; sourceTree = "<group>"; };
		74BE12742C206FFF000F3D14 /* Assets.xcassets */ = {isa = PBXFileReference; lastKnownFileType = folder.assetcatalog; path = Assets.xcassets; sourceTree = "<group>"; };
		74BE12772C206FFF000F3D14 /* Base */ = {isa = PBXFileReference; lastKnownFileType = file.storyboard; name = Base; path = Base.lproj/LaunchScreen.storyboard; sourceTree = "<group>"; };
		74BE12792C206FFF000F3D14 /* Info.plist */ = {isa = PBXFileReference; lastKnownFileType = text.plist.xml; path = Info.plist; sourceTree = "<group>"; };
		74BE127E2C206FFF000F3D14 /* Longevita-test-task-iOSTests.xctest */ = {isa = PBXFileReference; explicitFileType = wrapper.cfbundle; includeInIndex = 0; path = "Longevita-test-task-iOSTests.xctest"; sourceTree = BUILT_PRODUCTS_DIR; };
		74BE12822C206FFF000F3D14 /* Longevita_test_task_iOSTests.swift */ = {isa = PBXFileReference; lastKnownFileType = sourcecode.swift; path = Longevita_test_task_iOSTests.swift; sourceTree = "<group>"; };
		74BE12842C206FFF000F3D14 /* Info.plist */ = {isa = PBXFileReference; lastKnownFileType = text.plist.xml; path = Info.plist; sourceTree = "<group>"; };
		74BE12892C206FFF000F3D14 /* Longevita-test-task-iOSUITests.xctest */ = {isa = PBXFileReference; explicitFileType = wrapper.cfbundle; includeInIndex = 0; path = "Longevita-test-task-iOSUITests.xctest"; sourceTree = BUILT_PRODUCTS_DIR; };
		74BE128D2C206FFF000F3D14 /* Longevita_test_task_iOSUITests.swift */ = {isa = PBXFileReference; lastKnownFileType = sourcecode.swift; path = Longevita_test_task_iOSUITests.swift; sourceTree = "<group>"; };
		74BE128F2C206FFF000F3D14 /* Info.plist */ = {isa = PBXFileReference; lastKnownFileType = text.plist.xml; path = Info.plist; sourceTree = "<group>"; };
		74BE129E2C207284000F3D14 /* UserInfoInputView.swift */ = {isa = PBXFileReference; lastKnownFileType = sourcecode.swift; path = UserInfoInputView.swift; sourceTree = "<group>"; };
		74BE12A92C20737B000F3D14 /* AppConstants.swift */ = {isa = PBXFileReference; lastKnownFileType = sourcecode.swift; path = AppConstants.swift; sourceTree = "<group>"; };
		74BE12CE2C208952000F3D14 /* DateTextField.swift */ = {isa = PBXFileReference; fileEncoding = 4; lastKnownFileType = sourcecode.swift; path = DateTextField.swift; sourceTree = "<group>"; };
		74BE12E82C208D6E000F3D14 /* InputValidator.swift */ = {isa = PBXFileReference; lastKnownFileType = sourcecode.swift; path = InputValidator.swift; sourceTree = "<group>"; };
		74BE12ED2C208DE4000F3D14 /* ValidatorFactory.swift */ = {isa = PBXFileReference; lastKnownFileType = sourcecode.swift; path = ValidatorFactory.swift; sourceTree = "<group>"; };
		74BE12F22C209085000F3D14 /* UITextFieldExtensions.swift */ = {isa = PBXFileReference; lastKnownFileType = sourcecode.swift; path = UITextFieldExtensions.swift; sourceTree = "<group>"; };
		74BE12F72C20966A000F3D14 /* DateFormat.swift */ = {isa = PBXFileReference; lastKnownFileType = sourcecode.swift; path = DateFormat.swift; sourceTree = "<group>"; };
		74BE12FF2C2099EF000F3D14 /* StringExtensions.swift */ = {isa = PBXFileReference; lastKnownFileType = sourcecode.swift; path = StringExtensions.swift; sourceTree = "<group>"; };
		74BE13042C209D95000F3D14 /* RangeExtensions.swift */ = {isa = PBXFileReference; lastKnownFileType = sourcecode.swift; path = RangeExtensions.swift; sourceTree = "<group>"; };
/* End PBXFileReference section */

/* Begin PBXFrameworksBuildPhase section */
		74BE12652C206FFB000F3D14 /* Frameworks */ = {
			isa = PBXFrameworksBuildPhase;
			buildActionMask = 2147483647;
			files = (
				74BE12A52C20732B000F3D14 /* PureLayout in Frameworks */,
			);
			runOnlyForDeploymentPostprocessing = 0;
		};
		74BE127B2C206FFF000F3D14 /* Frameworks */ = {
			isa = PBXFrameworksBuildPhase;
			buildActionMask = 2147483647;
			files = (
			);
			runOnlyForDeploymentPostprocessing = 0;
		};
		74BE12862C206FFF000F3D14 /* Frameworks */ = {
			isa = PBXFrameworksBuildPhase;
			buildActionMask = 2147483647;
			files = (
			);
			runOnlyForDeploymentPostprocessing = 0;
		};
/* End PBXFrameworksBuildPhase section */

/* Begin PBXGroup section */
		74BE125F2C206FFB000F3D14 = {
			isa = PBXGroup;
			children = (
				74BE126A2C206FFB000F3D14 /* Longevita-test-task-iOS */,
				74BE12812C206FFF000F3D14 /* Longevita-test-task-iOSTests */,
				74BE128C2C206FFF000F3D14 /* Longevita-test-task-iOSUITests */,
				74BE12692C206FFB000F3D14 /* Products */,
			);
			sourceTree = "<group>";
		};
		74BE12692C206FFB000F3D14 /* Products */ = {
			isa = PBXGroup;
			children = (
				74BE12682C206FFB000F3D14 /* Longevita-test-task-iOS.app */,
				74BE127E2C206FFF000F3D14 /* Longevita-test-task-iOSTests.xctest */,
				74BE12892C206FFF000F3D14 /* Longevita-test-task-iOSUITests.xctest */,
			);
			name = Products;
			sourceTree = "<group>";
		};
		74BE126A2C206FFB000F3D14 /* Longevita-test-task-iOS */ = {
			isa = PBXGroup;
			children = (
				74BE12B42C208166000F3D14 /* Views */,
				74BE126B2C206FFB000F3D14 /* AppDelegate.swift */,
				74BE126D2C206FFB000F3D14 /* SceneDelegate.swift */,
				74BE126F2C206FFB000F3D14 /* UserInfoInputViewController.swift */,
				74BE12712C206FFB000F3D14 /* Main.storyboard */,
				74BE12742C206FFF000F3D14 /* Assets.xcassets */,
				74BE12762C206FFF000F3D14 /* LaunchScreen.storyboard */,
				74BE12792C206FFF000F3D14 /* Info.plist */,
				74BE12CC2C208936000F3D14 /* DateTextField */,
				74BE12A92C20737B000F3D14 /* AppConstants.swift */,
				74BE12E82C208D6E000F3D14 /* InputValidator.swift */,
				74BE12ED2C208DE4000F3D14 /* ValidatorFactory.swift */,
				74BE12F22C209085000F3D14 /* UITextFieldExtensions.swift */,
				74BE12F72C20966A000F3D14 /* DateFormat.swift */,
				74BE12FF2C2099EF000F3D14 /* StringExtensions.swift */,
				74BE13042C209D95000F3D14 /* RangeExtensions.swift */,
			);
			path = "Longevita-test-task-iOS";
			sourceTree = "<group>";
		};
		74BE12812C206FFF000F3D14 /* Longevita-test-task-iOSTests */ = {
			isa = PBXGroup;
			children = (
				74BE12822C206FFF000F3D14 /* Longevita_test_task_iOSTests.swift */,
				74BE12842C206FFF000F3D14 /* Info.plist */,
			);
			path = "Longevita-test-task-iOSTests";
			sourceTree = "<group>";
		};
		74BE128C2C206FFF000F3D14 /* Longevita-test-task-iOSUITests */ = {
			isa = PBXGroup;
			children = (
				74BE128D2C206FFF000F3D14 /* Longevita_test_task_iOSUITests.swift */,
				74BE128F2C206FFF000F3D14 /* Info.plist */,
			);
			path = "Longevita-test-task-iOSUITests";
			sourceTree = "<group>";
		};
		74BE12B42C208166000F3D14 /* Views */ = {
			isa = PBXGroup;
			children = (
				74BE129E2C207284000F3D14 /* UserInfoInputView.swift */,
			);
			path = Views;
			sourceTree = "<group>";
		};
		74BE12CC2C208936000F3D14 /* DateTextField */ = {
			isa = PBXGroup;
			children = (
				74BE12CE2C208952000F3D14 /* DateTextField.swift */,
			);
			path = DateTextField;
			sourceTree = "<group>";
		};
/* End PBXGroup section */

/* Begin PBXNativeTarget section */
		74BE12672C206FFB000F3D14 /* Longevita-test-task-iOS */ = {
			isa = PBXNativeTarget;
			buildConfigurationList = 74BE12922C206FFF000F3D14 /* Build configuration list for PBXNativeTarget "Longevita-test-task-iOS" */;
			buildPhases = (
				74BE12642C206FFB000F3D14 /* Sources */,
				74BE12652C206FFB000F3D14 /* Frameworks */,
				74BE12662C206FFB000F3D14 /* Resources */,
			);
			buildRules = (
			);
			dependencies = (
			);
			name = "Longevita-test-task-iOS";
			packageProductDependencies = (
				74BE12A42C20732B000F3D14 /* PureLayout */,
			);
			productName = "Longevita-test-task-iOS";
			productReference = 74BE12682C206FFB000F3D14 /* Longevita-test-task-iOS.app */;
			productType = "com.apple.product-type.application";
		};
		74BE127D2C206FFF000F3D14 /* Longevita-test-task-iOSTests */ = {
			isa = PBXNativeTarget;
			buildConfigurationList = 74BE12952C206FFF000F3D14 /* Build configuration list for PBXNativeTarget "Longevita-test-task-iOSTests" */;
			buildPhases = (
				74BE127A2C206FFF000F3D14 /* Sources */,
				74BE127B2C206FFF000F3D14 /* Frameworks */,
				74BE127C2C206FFF000F3D14 /* Resources */,
			);
			buildRules = (
			);
			dependencies = (
				74BE12802C206FFF000F3D14 /* PBXTargetDependency */,
			);
			name = "Longevita-test-task-iOSTests";
			productName = "Longevita-test-task-iOSTests";
			productReference = 74BE127E2C206FFF000F3D14 /* Longevita-test-task-iOSTests.xctest */;
			productType = "com.apple.product-type.bundle.unit-test";
		};
		74BE12882C206FFF000F3D14 /* Longevita-test-task-iOSUITests */ = {
			isa = PBXNativeTarget;
			buildConfigurationList = 74BE12982C206FFF000F3D14 /* Build configuration list for PBXNativeTarget "Longevita-test-task-iOSUITests" */;
			buildPhases = (
				74BE12852C206FFF000F3D14 /* Sources */,
				74BE12862C206FFF000F3D14 /* Frameworks */,
				74BE12872C206FFF000F3D14 /* Resources */,
			);
			buildRules = (
			);
			dependencies = (
				74BE128B2C206FFF000F3D14 /* PBXTargetDependency */,
			);
			name = "Longevita-test-task-iOSUITests";
			productName = "Longevita-test-task-iOSUITests";
			productReference = 74BE12892C206FFF000F3D14 /* Longevita-test-task-iOSUITests.xctest */;
			productType = "com.apple.product-type.bundle.ui-testing";
		};
/* End PBXNativeTarget section */

/* Begin PBXProject section */
		74BE12602C206FFB000F3D14 /* Project object */ = {
			isa = PBXProject;
			attributes = {
				LastSwiftUpdateCheck = 1240;
				LastUpgradeCheck = 1240;
				TargetAttributes = {
					74BE12672C206FFB000F3D14 = {
						CreatedOnToolsVersion = 12.4;
					};
					74BE127D2C206FFF000F3D14 = {
						CreatedOnToolsVersion = 12.4;
						TestTargetID = 74BE12672C206FFB000F3D14;
					};
					74BE12882C206FFF000F3D14 = {
						CreatedOnToolsVersion = 12.4;
						TestTargetID = 74BE12672C206FFB000F3D14;
					};
				};
			};
			buildConfigurationList = 74BE12632C206FFB000F3D14 /* Build configuration list for PBXProject "Longevita-test-task-iOS" */;
			compatibilityVersion = "Xcode 9.3";
			developmentRegion = en;
			hasScannedForEncodings = 0;
			knownRegions = (
				en,
				Base,
			);
			mainGroup = 74BE125F2C206FFB000F3D14;
			packageReferences = (
				74BE12A32C20732B000F3D14 /* XCRemoteSwiftPackageReference "PureLayout" */,
			);
			productRefGroup = 74BE12692C206FFB000F3D14 /* Products */;
			projectDirPath = "";
			projectRoot = "";
			targets = (
				74BE12672C206FFB000F3D14 /* Longevita-test-task-iOS */,
				74BE127D2C206FFF000F3D14 /* Longevita-test-task-iOSTests */,
				74BE12882C206FFF000F3D14 /* Longevita-test-task-iOSUITests */,
			);
		};
/* End PBXProject section */

/* Begin PBXResourcesBuildPhase section */
		74BE12662C206FFB000F3D14 /* Resources */ = {
			isa = PBXResourcesBuildPhase;
			buildActionMask = 2147483647;
			files = (
				74BE12782C206FFF000F3D14 /* LaunchScreen.storyboard in Resources */,
				74BE12752C206FFF000F3D14 /* Assets.xcassets in Resources */,
				74BE12732C206FFB000F3D14 /* Main.storyboard in Resources */,
			);
			runOnlyForDeploymentPostprocessing = 0;
		};
		74BE127C2C206FFF000F3D14 /* Resources */ = {
			isa = PBXResourcesBuildPhase;
			buildActionMask = 2147483647;
			files = (
			);
			runOnlyForDeploymentPostprocessing = 0;
		};
		74BE12872C206FFF000F3D14 /* Resources */ = {
			isa = PBXResourcesBuildPhase;
			buildActionMask = 2147483647;
			files = (
			);
			runOnlyForDeploymentPostprocessing = 0;
		};
/* End PBXResourcesBuildPhase section */

/* Begin PBXSourcesBuildPhase section */
		74BE12642C206FFB000F3D14 /* Sources */ = {
			isa = PBXSourcesBuildPhase;
			buildActionMask = 2147483647;
			files = (
				74BE12AA2C20737B000F3D14 /* AppConstants.swift in Sources */,
				74BE12D02C208952000F3D14 /* DateTextField.swift in Sources */,
				74BE129F2C207284000F3D14 /* UserInfoInputView.swift in Sources */,
				74BE12F32C209085000F3D14 /* UITextFieldExtensions.swift in Sources */,
				74BE12F82C20966A000F3D14 /* DateFormat.swift in Sources */,
				74BE12702C206FFB000F3D14 /* UserInfoInputViewController.swift in Sources */,
				74BE13002C2099EF000F3D14 /* StringExtensions.swift in Sources */,
				74BE12E92C208D6E000F3D14 /* InputValidator.swift in Sources */,
				74BE126C2C206FFB000F3D14 /* AppDelegate.swift in Sources */,
				74BE13052C209D95000F3D14 /* RangeExtensions.swift in Sources */,
				74BE126E2C206FFB000F3D14 /* SceneDelegate.swift in Sources */,
				74BE12EE2C208DE4000F3D14 /* ValidatorFactory.swift in Sources */,
			);
			runOnlyForDeploymentPostprocessing = 0;
		};
		74BE127A2C206FFF000F3D14 /* Sources */ = {
			isa = PBXSourcesBuildPhase;
			buildActionMask = 2147483647;
			files = (
				74BE12832C206FFF000F3D14 /* Longevita_test_task_iOSTests.swift in Sources */,
			);
			runOnlyForDeploymentPostprocessing = 0;
		};
		74BE12852C206FFF000F3D14 /* Sources */ = {
			isa = PBXSourcesBuildPhase;
			buildActionMask = 2147483647;
			files = (
				74BE128E2C206FFF000F3D14 /* Longevita_test_task_iOSUITests.swift in Sources */,
			);
			runOnlyForDeploymentPostprocessing = 0;
		};
/* End PBXSourcesBuildPhase section */

/* Begin PBXTargetDependency section */
		74BE12802C206FFF000F3D14 /* PBXTargetDependency */ = {
			isa = PBXTargetDependency;
			target = 74BE12672C206FFB000F3D14 /* Longevita-test-task-iOS */;
			targetProxy = 74BE127F2C206FFF000F3D14 /* PBXContainerItemProxy */;
		};
		74BE128B2C206FFF000F3D14 /* PBXTargetDependency */ = {
			isa = PBXTargetDependency;
			target = 74BE12672C206FFB000F3D14 /* Longevita-test-task-iOS */;
			targetProxy = 74BE128A2C206FFF000F3D14 /* PBXContainerItemProxy */;
		};
/* End PBXTargetDependency section */

/* Begin PBXVariantGroup section */
		74BE12712C206FFB000F3D14 /* Main.storyboard */ = {
			isa = PBXVariantGroup;
			children = (
				74BE12722C206FFB000F3D14 /* Base */,
			);
			name = Main.storyboard;
			sourceTree = "<group>";
		};
		74BE12762C206FFF000F3D14 /* LaunchScreen.storyboard */ = {
			isa = PBXVariantGroup;
			children = (
				74BE12772C206FFF000F3D14 /* Base */,
			);
			name = LaunchScreen.storyboard;
			sourceTree = "<group>";
		};
/* End PBXVariantGroup section */

/* Begin XCBuildConfiguration section */
		74BE12902C206FFF000F3D14 /* Debug */ = {
			isa = XCBuildConfiguration;
			buildSettings = {
				ALWAYS_SEARCH_USER_PATHS = NO;
				CLANG_ANALYZER_NONNULL = YES;
				CLANG_ANALYZER_NUMBER_OBJECT_CONVERSION = YES_AGGRESSIVE;
				CLANG_CXX_LANGUAGE_STANDARD = "gnu++14";
				CLANG_CXX_LIBRARY = "libc++";
				CLANG_ENABLE_MODULES = YES;
				CLANG_ENABLE_OBJC_ARC = YES;
				CLANG_ENABLE_OBJC_WEAK = YES;
				CLANG_WARN_BLOCK_CAPTURE_AUTORELEASING = YES;
				CLANG_WARN_BOOL_CONVERSION = YES;
				CLANG_WARN_COMMA = YES;
				CLANG_WARN_CONSTANT_CONVERSION = YES;
				CLANG_WARN_DEPRECATED_OBJC_IMPLEMENTATIONS = YES;
				CLANG_WARN_DIRECT_OBJC_ISA_USAGE = YES_ERROR;
				CLANG_WARN_DOCUMENTATION_COMMENTS = YES;
				CLANG_WARN_EMPTY_BODY = YES;
				CLANG_WARN_ENUM_CONVERSION = YES;
				CLANG_WARN_INFINITE_RECURSION = YES;
				CLANG_WARN_INT_CONVERSION = YES;
				CLANG_WARN_NON_LITERAL_NULL_CONVERSION = YES;
				CLANG_WARN_OBJC_IMPLICIT_RETAIN_SELF = YES;
				CLANG_WARN_OBJC_LITERAL_CONVERSION = YES;
				CLANG_WARN_OBJC_ROOT_CLASS = YES_ERROR;
				CLANG_WARN_QUOTED_INCLUDE_IN_FRAMEWORK_HEADER = YES;
				CLANG_WARN_RANGE_LOOP_ANALYSIS = YES;
				CLANG_WARN_STRICT_PROTOTYPES = YES;
				CLANG_WARN_SUSPICIOUS_MOVE = YES;
				CLANG_WARN_UNGUARDED_AVAILABILITY = YES_AGGRESSIVE;
				CLANG_WARN_UNREACHABLE_CODE = YES;
				CLANG_WARN__DUPLICATE_METHOD_MATCH = YES;
				COPY_PHASE_STRIP = NO;
				DEBUG_INFORMATION_FORMAT = dwarf;
				ENABLE_STRICT_OBJC_MSGSEND = YES;
				ENABLE_TESTABILITY = YES;
				GCC_C_LANGUAGE_STANDARD = gnu11;
				GCC_DYNAMIC_NO_PIC = NO;
				GCC_NO_COMMON_BLOCKS = YES;
				GCC_OPTIMIZATION_LEVEL = 0;
				GCC_PREPROCESSOR_DEFINITIONS = (
					"DEBUG=1",
					"$(inherited)",
				);
				GCC_WARN_64_TO_32_BIT_CONVERSION = YES;
				GCC_WARN_ABOUT_RETURN_TYPE = YES_ERROR;
				GCC_WARN_UNDECLARED_SELECTOR = YES;
				GCC_WARN_UNINITIALIZED_AUTOS = YES_AGGRESSIVE;
				GCC_WARN_UNUSED_FUNCTION = YES;
				GCC_WARN_UNUSED_VARIABLE = YES;
				IPHONEOS_DEPLOYMENT_TARGET = 14.4;
				MTL_ENABLE_DEBUG_INFO = INCLUDE_SOURCE;
				MTL_FAST_MATH = YES;
				ONLY_ACTIVE_ARCH = YES;
				SDKROOT = iphoneos;
				SWIFT_ACTIVE_COMPILATION_CONDITIONS = DEBUG;
				SWIFT_OPTIMIZATION_LEVEL = "-Onone";
			};
			name = Debug;
		};
		74BE12912C206FFF000F3D14 /* Release */ = {
			isa = XCBuildConfiguration;
			buildSettings = {
				ALWAYS_SEARCH_USER_PATHS = NO;
				CLANG_ANALYZER_NONNULL = YES;
				CLANG_ANALYZER_NUMBER_OBJECT_CONVERSION = YES_AGGRESSIVE;
				CLANG_CXX_LANGUAGE_STANDARD = "gnu++14";
				CLANG_CXX_LIBRARY = "libc++";
				CLANG_ENABLE_MODULES = YES;
				CLANG_ENABLE_OBJC_ARC = YES;
				CLANG_ENABLE_OBJC_WEAK = YES;
				CLANG_WARN_BLOCK_CAPTURE_AUTORELEASING = YES;
				CLANG_WARN_BOOL_CONVERSION = YES;
				CLANG_WARN_COMMA = YES;
				CLANG_WARN_CONSTANT_CONVERSION = YES;
				CLANG_WARN_DEPRECATED_OBJC_IMPLEMENTATIONS = YES;
				CLANG_WARN_DIRECT_OBJC_ISA_USAGE = YES_ERROR;
				CLANG_WARN_DOCUMENTATION_COMMENTS = YES;
				CLANG_WARN_EMPTY_BODY = YES;
				CLANG_WARN_ENUM_CONVERSION = YES;
				CLANG_WARN_INFINITE_RECURSION = YES;
				CLANG_WARN_INT_CONVERSION = YES;
				CLANG_WARN_NON_LITERAL_NULL_CONVERSION = YES;
				CLANG_WARN_OBJC_IMPLICIT_RETAIN_SELF = YES;
				CLANG_WARN_OBJC_LITERAL_CONVERSION = YES;
				CLANG_WARN_OBJC_ROOT_CLASS = YES_ERROR;
				CLANG_WARN_QUOTED_INCLUDE_IN_FRAMEWORK_HEADER = YES;
				CLANG_WARN_RANGE_LOOP_ANALYSIS = YES;
				CLANG_WARN_STRICT_PROTOTYPES = YES;
				CLANG_WARN_SUSPICIOUS_MOVE = YES;
				CLANG_WARN_UNGUARDED_AVAILABILITY = YES_AGGRESSIVE;
				CLANG_WARN_UNREACHABLE_CODE = YES;
				CLANG_WARN__DUPLICATE_METHOD_MATCH = YES;
				COPY_PHASE_STRIP = NO;
				DEBUG_INFORMATION_FORMAT = "dwarf-with-dsym";
				ENABLE_NS_ASSERTIONS = NO;
				ENABLE_STRICT_OBJC_MSGSEND = YES;
				GCC_C_LANGUAGE_STANDARD = gnu11;
				GCC_NO_COMMON_BLOCKS = YES;
				GCC_WARN_64_TO_32_BIT_CONVERSION = YES;
				GCC_WARN_ABOUT_RETURN_TYPE = YES_ERROR;
				GCC_WARN_UNDECLARED_SELECTOR = YES;
				GCC_WARN_UNINITIALIZED_AUTOS = YES_AGGRESSIVE;
				GCC_WARN_UNUSED_FUNCTION = YES;
				GCC_WARN_UNUSED_VARIABLE = YES;
				IPHONEOS_DEPLOYMENT_TARGET = 14.4;
				MTL_ENABLE_DEBUG_INFO = NO;
				MTL_FAST_MATH = YES;
				SDKROOT = iphoneos;
				SWIFT_COMPILATION_MODE = wholemodule;
				SWIFT_OPTIMIZATION_LEVEL = "-O";
				VALIDATE_PRODUCT = YES;
			};
			name = Release;
		};
		74BE12932C206FFF000F3D14 /* Debug */ = {
			isa = XCBuildConfiguration;
			buildSettings = {
				ASSETCATALOG_COMPILER_APPICON_NAME = AppIcon;
				ASSETCATALOG_COMPILER_GLOBAL_ACCENT_COLOR_NAME = AccentColor;
				CODE_SIGN_STYLE = Automatic;
				DEVELOPMENT_TEAM = L3U6B8VC6S;
				INFOPLIST_FILE = "Longevita-test-task-iOS/Info.plist";
				LD_RUNPATH_SEARCH_PATHS = (
					"$(inherited)",
					"@executable_path/Frameworks",
				);
				PRODUCT_BUNDLE_IDENTIFIER = "ios.gameApp.Longevita-test-task-iOS";
				PRODUCT_NAME = "$(TARGET_NAME)";
				SWIFT_VERSION = 5.0;
				TARGETED_DEVICE_FAMILY = "1,2";
			};
			name = Debug;
		};
		74BE12942C206FFF000F3D14 /* Release */ = {
			isa = XCBuildConfiguration;
			buildSettings = {
				ASSETCATALOG_COMPILER_APPICON_NAME = AppIcon;
				ASSETCATALOG_COMPILER_GLOBAL_ACCENT_COLOR_NAME = AccentColor;
				CODE_SIGN_STYLE = Automatic;
				DEVELOPMENT_TEAM = L3U6B8VC6S;
				INFOPLIST_FILE = "Longevita-test-task-iOS/Info.plist";
				LD_RUNPATH_SEARCH_PATHS = (
					"$(inherited)",
					"@executable_path/Frameworks",
				);
				PRODUCT_BUNDLE_IDENTIFIER = "ios.gameApp.Longevita-test-task-iOS";
				PRODUCT_NAME = "$(TARGET_NAME)";
				SWIFT_VERSION = 5.0;
				TARGETED_DEVICE_FAMILY = "1,2";
			};
			name = Release;
		};
		74BE12962C206FFF000F3D14 /* Debug */ = {
			isa = XCBuildConfiguration;
			buildSettings = {
				ALWAYS_EMBED_SWIFT_STANDARD_LIBRARIES = YES;
				BUNDLE_LOADER = "$(TEST_HOST)";
				CODE_SIGN_STYLE = Automatic;
				DEVELOPMENT_TEAM = L3U6B8VC6S;
				INFOPLIST_FILE = "Longevita-test-task-iOSTests/Info.plist";
				IPHONEOS_DEPLOYMENT_TARGET = 14.4;
				LD_RUNPATH_SEARCH_PATHS = (
					"$(inherited)",
					"@executable_path/Frameworks",
					"@loader_path/Frameworks",
				);
				PRODUCT_BUNDLE_IDENTIFIER = "ios.gameApp.Longevita-test-task-iOSTests";
				PRODUCT_NAME = "$(TARGET_NAME)";
				SWIFT_VERSION = 5.0;
				TARGETED_DEVICE_FAMILY = "1,2";
				TEST_HOST = "$(BUILT_PRODUCTS_DIR)/Longevita-test-task-iOS.app/Longevita-test-task-iOS";
			};
			name = Debug;
		};
		74BE12972C206FFF000F3D14 /* Release */ = {
			isa = XCBuildConfiguration;
			buildSettings = {
				ALWAYS_EMBED_SWIFT_STANDARD_LIBRARIES = YES;
				BUNDLE_LOADER = "$(TEST_HOST)";
				CODE_SIGN_STYLE = Automatic;
				DEVELOPMENT_TEAM = L3U6B8VC6S;
				INFOPLIST_FILE = "Longevita-test-task-iOSTests/Info.plist";
				IPHONEOS_DEPLOYMENT_TARGET = 14.4;
				LD_RUNPATH_SEARCH_PATHS = (
					"$(inherited)",
					"@executable_path/Frameworks",
					"@loader_path/Frameworks",
				);
				PRODUCT_BUNDLE_IDENTIFIER = "ios.gameApp.Longevita-test-task-iOSTests";
				PRODUCT_NAME = "$(TARGET_NAME)";
				SWIFT_VERSION = 5.0;
				TARGETED_DEVICE_FAMILY = "1,2";
				TEST_HOST = "$(BUILT_PRODUCTS_DIR)/Longevita-test-task-iOS.app/Longevita-test-task-iOS";
			};
			name = Release;
		};
		74BE12992C206FFF000F3D14 /* Debug */ = {
			isa = XCBuildConfiguration;
			buildSettings = {
				ALWAYS_EMBED_SWIFT_STANDARD_LIBRARIES = YES;
				CODE_SIGN_STYLE = Automatic;
				DEVELOPMENT_TEAM = L3U6B8VC6S;
				INFOPLIST_FILE = "Longevita-test-task-iOSUITests/Info.plist";
				LD_RUNPATH_SEARCH_PATHS = (
					"$(inherited)",
					"@executable_path/Frameworks",
					"@loader_path/Frameworks",
				);
				PRODUCT_BUNDLE_IDENTIFIER = "ios.gameApp.Longevita-test-task-iOSUITests";
				PRODUCT_NAME = "$(TARGET_NAME)";
				SWIFT_VERSION = 5.0;
				TARGETED_DEVICE_FAMILY = "1,2";
				TEST_TARGET_NAME = "Longevita-test-task-iOS";
			};
			name = Debug;
		};
		74BE129A2C206FFF000F3D14 /* Release */ = {
			isa = XCBuildConfiguration;
			buildSettings = {
				ALWAYS_EMBED_SWIFT_STANDARD_LIBRARIES = YES;
				CODE_SIGN_STYLE = Automatic;
				DEVELOPMENT_TEAM = L3U6B8VC6S;
				INFOPLIST_FILE = "Longevita-test-task-iOSUITests/Info.plist";
				LD_RUNPATH_SEARCH_PATHS = (
					"$(inherited)",
					"@executable_path/Frameworks",
					"@loader_path/Frameworks",
				);
				PRODUCT_BUNDLE_IDENTIFIER = "ios.gameApp.Longevita-test-task-iOSUITests";
				PRODUCT_NAME = "$(TARGET_NAME)";
				SWIFT_VERSION = 5.0;
				TARGETED_DEVICE_FAMILY = "1,2";
				TEST_TARGET_NAME = "Longevita-test-task-iOS";
			};
			name = Release;
		};
/* End XCBuildConfiguration section */

/* Begin XCConfigurationList section */
		74BE12632C206FFB000F3D14 /* Build configuration list for PBXProject "Longevita-test-task-iOS" */ = {
			isa = XCConfigurationList;
			buildConfigurations = (
				74BE12902C206FFF000F3D14 /* Debug */,
				74BE12912C206FFF000F3D14 /* Release */,
			);
			defaultConfigurationIsVisible = 0;
			defaultConfigurationName = Release;
		};
		74BE12922C206FFF000F3D14 /* Build configuration list for PBXNativeTarget "Longevita-test-task-iOS" */ = {
			isa = XCConfigurationList;
			buildConfigurations = (
				74BE12932C206FFF000F3D14 /* Debug */,
				74BE12942C206FFF000F3D14 /* Release */,
			);
			defaultConfigurationIsVisible = 0;
			defaultConfigurationName = Release;
		};
		74BE12952C206FFF000F3D14 /* Build configuration list for PBXNativeTarget "Longevita-test-task-iOSTests" */ = {
			isa = XCConfigurationList;
			buildConfigurations = (
				74BE12962C206FFF000F3D14 /* Debug */,
				74BE12972C206FFF000F3D14 /* Release */,
			);
			defaultConfigurationIsVisible = 0;
			defaultConfigurationName = Release;
		};
		74BE12982C206FFF000F3D14 /* Build configuration list for PBXNativeTarget "Longevita-test-task-iOSUITests" */ = {
			isa = XCConfigurationList;
			buildConfigurations = (
				74BE12992C206FFF000F3D14 /* Debug */,
				74BE129A2C206FFF000F3D14 /* Release */,
			);
			defaultConfigurationIsVisible = 0;
			defaultConfigurationName = Release;
		};
/* End XCConfigurationList section */

/* Begin XCRemoteSwiftPackageReference section */
		74BE12A32C20732B000F3D14 /* XCRemoteSwiftPackageReference "PureLayout" */ = {
			isa = XCRemoteSwiftPackageReference;
			repositoryURL = "https://github.com/PureLayout/PureLayout";
			requirement = {
				kind = upToNextMajorVersion;
				minimumVersion = 3.1.9;
			};
		};
/* End XCRemoteSwiftPackageReference section */

/* Begin XCSwiftPackageProductDependency section */
		74BE12A42C20732B000F3D14 /* PureLayout */ = {
			isa = XCSwiftPackageProductDependency;
			package = 74BE12A32C20732B000F3D14 /* XCRemoteSwiftPackageReference "PureLayout" */;
			productName = PureLayout;
		};
/* End XCSwiftPackageProductDependency section */
	};
	rootObject = 74BE12602C206FFB000F3D14 /* Project object */;
}
